// !$*UTF8*$!
{
	archiveVersion = 1;
	classes = {
	};
	objectVersion = 50;
	objects = {

/* Begin PBXBuildFile section */
		0E365869244010C000768256 /* AppDelegate.swift in Sources */ = {isa = PBXBuildFile; fileRef = 0E365868244010C000768256 /* AppDelegate.swift */; };
		0E36586D244010C000768256 /* MyCountryViewController.swift in Sources */ = {isa = PBXBuildFile; fileRef = 0E36586C244010C000768256 /* MyCountryViewController.swift */; };
		0E365870244010C000768256 /* Main.storyboard in Resources */ = {isa = PBXBuildFile; fileRef = 0E36586E244010C000768256 /* Main.storyboard */; };
		0E365872244010C000768256 /* Assets.xcassets in Resources */ = {isa = PBXBuildFile; fileRef = 0E365871244010C000768256 /* Assets.xcassets */; };
		0E365875244010C000768256 /* LaunchScreen.storyboard in Resources */ = {isa = PBXBuildFile; fileRef = 0E365873244010C000768256 /* LaunchScreen.storyboard */; };
		0E36588B244010C000768256 /* MyCountryUITests.swift in Sources */ = {isa = PBXBuildFile; fileRef = 0E36588A244010C000768256 /* MyCountryUITests.swift */; };
		0E36589B2440173D00768256 /* RxSwift.framework in Frameworks */ = {isa = PBXBuildFile; fileRef = 0E36589A2440173D00768256 /* RxSwift.framework */; };
		0E36589D2440175000768256 /* SnapKit.framework in Frameworks */ = {isa = PBXBuildFile; fileRef = 0E36589C2440175000768256 /* SnapKit.framework */; };
		0E36589F244017AA00768256 /* RxSwift.framework in Frameworks */ = {isa = PBXBuildFile; fileRef = 0E36589A2440173D00768256 /* RxSwift.framework */; };
		0E3658A2244017AA00768256 /* Nimble.framework in Frameworks */ = {isa = PBXBuildFile; fileRef = 0E3658A0244017AA00768256 /* Nimble.framework */; };
		0E3658A3244017AA00768256 /* Quick.framework in Frameworks */ = {isa = PBXBuildFile; fileRef = 0E3658A1244017AA00768256 /* Quick.framework */; };
		0E3658AC24402ECF00768256 /* APIError.swift in Sources */ = {isa = PBXBuildFile; fileRef = 0E3658AB24402ECF00768256 /* APIError.swift */; };
		0E3658AE2440306A00768256 /* HTTPClient.swift in Sources */ = {isa = PBXBuildFile; fileRef = 0E3658AD2440306A00768256 /* HTTPClient.swift */; };
		0E3658B02440309100768256 /* ObservableDataSource.swift in Sources */ = {isa = PBXBuildFile; fileRef = 0E3658AF2440309100768256 /* ObservableDataSource.swift */; };
		0E3658B3244030BB00768256 /* BaseRequest.swift in Sources */ = {isa = PBXBuildFile; fileRef = 0E3658B2244030BB00768256 /* BaseRequest.swift */; };
		0E3658B52440320500768256 /* EndPointConfiguration.swift in Sources */ = {isa = PBXBuildFile; fileRef = 0E3658B42440320500768256 /* EndPointConfiguration.swift */; };
		0E3658B92440351000768256 /* FactsFinding+Request.swift in Sources */ = {isa = PBXBuildFile; fileRef = 0E3658B82440351000768256 /* FactsFinding+Request.swift */; };
		0E3658C02440380900768256 /* FactsFindingService.swift in Sources */ = {isa = PBXBuildFile; fileRef = 0E3658BF2440380900768256 /* FactsFindingService.swift */; };
		0E3658C32440383D00768256 /* FactsList.swift in Sources */ = {isa = PBXBuildFile; fileRef = 0E3658C22440383D00768256 /* FactsList.swift */; };
		0E3658C924403F6C00768256 /* ObservableDataSource+TestDoubles.swift in Sources */ = {isa = PBXBuildFile; fileRef = 0E3658C824403F6C00768256 /* ObservableDataSource+TestDoubles.swift */; };
		0E3658CB24403FB500768256 /* FactsFindingRequestSpec.swift in Sources */ = {isa = PBXBuildFile; fileRef = 0E3658CA24403FB500768256 /* FactsFindingRequestSpec.swift */; };
		0E3658CE2440417800768256 /* FactsFindingServiceSpec.swift in Sources */ = {isa = PBXBuildFile; fileRef = 0E3658CD2440417800768256 /* FactsFindingServiceSpec.swift */; };
		0E3658D0244051B400768256 /* FactsList+DataMappingSpec.swift in Sources */ = {isa = PBXBuildFile; fileRef = 0E3658CF244051B400768256 /* FactsList+DataMappingSpec.swift */; };
		0E3658D22440527500768256 /* Bundle+JSONForResource.swift in Sources */ = {isa = PBXBuildFile; fileRef = 0E3658D12440527500768256 /* Bundle+JSONForResource.swift */; };
		0E3658D4244052E200768256 /* factsList.json in Resources */ = {isa = PBXBuildFile; fileRef = 0E3658D3244052E200768256 /* factsList.json */; };
		0E3658D7244053CB00768256 /* factsList_Incorrect_Format.json in Resources */ = {isa = PBXBuildFile; fileRef = 0E3658D6244053CB00768256 /* factsList_Incorrect_Format.json */; };
		0E3658DA244065C100768256 /* HTTPClientSpec.swift in Sources */ = {isa = PBXBuildFile; fileRef = 0E3658D9244065C100768256 /* HTTPClientSpec.swift */; };
		0E3658DC2440694100768256 /* MockRequest.swift in Sources */ = {isa = PBXBuildFile; fileRef = 0E3658DB2440694100768256 /* MockRequest.swift */; };
		0E3658DE244069B400768256 /* MockSession.swift in Sources */ = {isa = PBXBuildFile; fileRef = 0E3658DD244069B400768256 /* MockSession.swift */; };
		0E3658E02440721300768256 /* testSample.json in Resources */ = {isa = PBXBuildFile; fileRef = 0E3658DF2440721300768256 /* testSample.json */; };
		0E3658E22440983100768256 /* FactsInteractor.swift in Sources */ = {isa = PBXBuildFile; fileRef = 0E3658E12440983100768256 /* FactsInteractor.swift */; };
		0E3658E724409E5700768256 /* FactsFindingService+TestDoubles.swift in Sources */ = {isa = PBXBuildFile; fileRef = 0E3658E624409E5700768256 /* FactsFindingService+TestDoubles.swift */; };
		0E3658E92440A15E00768256 /* FactsInteractorSpec.swift in Sources */ = {isa = PBXBuildFile; fileRef = 0E3658E82440A15E00768256 /* FactsInteractorSpec.swift */; };
/* End PBXBuildFile section */

/* Begin PBXContainerItemProxy section */
		0E36587C244010C000768256 /* PBXContainerItemProxy */ = {
			isa = PBXContainerItemProxy;
			containerPortal = 0E36585D244010C000768256 /* Project object */;
			proxyType = 1;
			remoteGlobalIDString = 0E365864244010C000768256;
			remoteInfo = MyCountry;
		};
		0E365887244010C000768256 /* PBXContainerItemProxy */ = {
			isa = PBXContainerItemProxy;
			containerPortal = 0E36585D244010C000768256 /* Project object */;
			proxyType = 1;
			remoteGlobalIDString = 0E365864244010C000768256;
			remoteInfo = MyCountry;
		};
/* End PBXContainerItemProxy section */

/* Begin PBXFileReference section */
		0E365865244010C000768256 /* MyCountry.app */ = {isa = PBXFileReference; explicitFileType = wrapper.application; includeInIndex = 0; path = MyCountry.app; sourceTree = BUILT_PRODUCTS_DIR; };
		0E365868244010C000768256 /* AppDelegate.swift */ = {isa = PBXFileReference; lastKnownFileType = sourcecode.swift; path = AppDelegate.swift; sourceTree = "<group>"; };
		0E36586C244010C000768256 /* MyCountryViewController.swift */ = {isa = PBXFileReference; lastKnownFileType = sourcecode.swift; path = MyCountryViewController.swift; sourceTree = "<group>"; };
		0E36586F244010C000768256 /* Base */ = {isa = PBXFileReference; lastKnownFileType = file.storyboard; name = Base; path = Base.lproj/Main.storyboard; sourceTree = "<group>"; };
		0E365871244010C000768256 /* Assets.xcassets */ = {isa = PBXFileReference; lastKnownFileType = folder.assetcatalog; path = Assets.xcassets; sourceTree = "<group>"; };
		0E365874244010C000768256 /* Base */ = {isa = PBXFileReference; lastKnownFileType = file.storyboard; name = Base; path = Base.lproj/LaunchScreen.storyboard; sourceTree = "<group>"; };
		0E365876244010C000768256 /* Info.plist */ = {isa = PBXFileReference; lastKnownFileType = text.plist.xml; path = Info.plist; sourceTree = "<group>"; };
		0E36587B244010C000768256 /* MyCountryTests.xctest */ = {isa = PBXFileReference; explicitFileType = wrapper.cfbundle; includeInIndex = 0; path = MyCountryTests.xctest; sourceTree = BUILT_PRODUCTS_DIR; };
		0E365881244010C000768256 /* Info.plist */ = {isa = PBXFileReference; lastKnownFileType = text.plist.xml; path = Info.plist; sourceTree = "<group>"; };
		0E365886244010C000768256 /* MyCountryUITests.xctest */ = {isa = PBXFileReference; explicitFileType = wrapper.cfbundle; includeInIndex = 0; path = MyCountryUITests.xctest; sourceTree = BUILT_PRODUCTS_DIR; };
		0E36588A244010C000768256 /* MyCountryUITests.swift */ = {isa = PBXFileReference; lastKnownFileType = sourcecode.swift; path = MyCountryUITests.swift; sourceTree = "<group>"; };
		0E36588C244010C000768256 /* Info.plist */ = {isa = PBXFileReference; lastKnownFileType = text.plist.xml; path = Info.plist; sourceTree = "<group>"; };
		0E36589A2440173D00768256 /* RxSwift.framework */ = {isa = PBXFileReference; lastKnownFileType = wrapper.framework; name = RxSwift.framework; path = Carthage/Build/iOS/RxSwift.framework; sourceTree = "<group>"; };
		0E36589C2440175000768256 /* SnapKit.framework */ = {isa = PBXFileReference; lastKnownFileType = wrapper.framework; name = SnapKit.framework; path = Carthage/Build/iOS/SnapKit.framework; sourceTree = "<group>"; };
		0E3658A0244017AA00768256 /* Nimble.framework */ = {isa = PBXFileReference; lastKnownFileType = wrapper.framework; name = Nimble.framework; path = Carthage/Build/iOS/Nimble.framework; sourceTree = "<group>"; };
		0E3658A1244017AA00768256 /* Quick.framework */ = {isa = PBXFileReference; lastKnownFileType = wrapper.framework; name = Quick.framework; path = Carthage/Build/iOS/Quick.framework; sourceTree = "<group>"; };
		0E3658AB24402ECF00768256 /* APIError.swift */ = {isa = PBXFileReference; lastKnownFileType = sourcecode.swift; path = APIError.swift; sourceTree = "<group>"; };
		0E3658AD2440306A00768256 /* HTTPClient.swift */ = {isa = PBXFileReference; lastKnownFileType = sourcecode.swift; path = HTTPClient.swift; sourceTree = "<group>"; };
		0E3658AF2440309100768256 /* ObservableDataSource.swift */ = {isa = PBXFileReference; lastKnownFileType = sourcecode.swift; path = ObservableDataSource.swift; sourceTree = "<group>"; };
		0E3658B2244030BB00768256 /* BaseRequest.swift */ = {isa = PBXFileReference; lastKnownFileType = sourcecode.swift; path = BaseRequest.swift; sourceTree = "<group>"; };
		0E3658B42440320500768256 /* EndPointConfiguration.swift */ = {isa = PBXFileReference; lastKnownFileType = sourcecode.swift; path = EndPointConfiguration.swift; sourceTree = "<group>"; };
		0E3658B82440351000768256 /* FactsFinding+Request.swift */ = {isa = PBXFileReference; lastKnownFileType = sourcecode.swift; path = "FactsFinding+Request.swift"; sourceTree = "<group>"; };
		0E3658BF2440380900768256 /* FactsFindingService.swift */ = {isa = PBXFileReference; lastKnownFileType = sourcecode.swift; path = FactsFindingService.swift; sourceTree = "<group>"; };
		0E3658C22440383D00768256 /* FactsList.swift */ = {isa = PBXFileReference; lastKnownFileType = sourcecode.swift; path = FactsList.swift; sourceTree = "<group>"; };
		0E3658C824403F6C00768256 /* ObservableDataSource+TestDoubles.swift */ = {isa = PBXFileReference; lastKnownFileType = sourcecode.swift; path = "ObservableDataSource+TestDoubles.swift"; sourceTree = "<group>"; };
		0E3658CA24403FB500768256 /* FactsFindingRequestSpec.swift */ = {isa = PBXFileReference; lastKnownFileType = sourcecode.swift; path = FactsFindingRequestSpec.swift; sourceTree = "<group>"; };
		0E3658CD2440417800768256 /* FactsFindingServiceSpec.swift */ = {isa = PBXFileReference; lastKnownFileType = sourcecode.swift; path = FactsFindingServiceSpec.swift; sourceTree = "<group>"; };
		0E3658CF244051B400768256 /* FactsList+DataMappingSpec.swift */ = {isa = PBXFileReference; lastKnownFileType = sourcecode.swift; path = "FactsList+DataMappingSpec.swift"; sourceTree = "<group>"; };
		0E3658D12440527500768256 /* Bundle+JSONForResource.swift */ = {isa = PBXFileReference; lastKnownFileType = sourcecode.swift; path = "Bundle+JSONForResource.swift"; sourceTree = "<group>"; };
		0E3658D3244052E200768256 /* factsList.json */ = {isa = PBXFileReference; lastKnownFileType = text.json; path = factsList.json; sourceTree = "<group>"; };
		0E3658D6244053CB00768256 /* factsList_Incorrect_Format.json */ = {isa = PBXFileReference; lastKnownFileType = text.json; path = factsList_Incorrect_Format.json; sourceTree = "<group>"; };
		0E3658D9244065C100768256 /* HTTPClientSpec.swift */ = {isa = PBXFileReference; lastKnownFileType = sourcecode.swift; path = HTTPClientSpec.swift; sourceTree = "<group>"; };
		0E3658DB2440694100768256 /* MockRequest.swift */ = {isa = PBXFileReference; lastKnownFileType = sourcecode.swift; path = MockRequest.swift; sourceTree = "<group>"; };
		0E3658DD244069B400768256 /* MockSession.swift */ = {isa = PBXFileReference; lastKnownFileType = sourcecode.swift; path = MockSession.swift; sourceTree = "<group>"; };
		0E3658DF2440721300768256 /* testSample.json */ = {isa = PBXFileReference; lastKnownFileType = text.json; path = testSample.json; sourceTree = "<group>"; };
		0E3658E12440983100768256 /* FactsInteractor.swift */ = {isa = PBXFileReference; lastKnownFileType = sourcecode.swift; path = FactsInteractor.swift; sourceTree = "<group>"; };
		0E3658E624409E5700768256 /* FactsFindingService+TestDoubles.swift */ = {isa = PBXFileReference; lastKnownFileType = sourcecode.swift; path = "FactsFindingService+TestDoubles.swift"; sourceTree = "<group>"; };
		0E3658E82440A15E00768256 /* FactsInteractorSpec.swift */ = {isa = PBXFileReference; lastKnownFileType = sourcecode.swift; path = FactsInteractorSpec.swift; sourceTree = "<group>"; };
/* End PBXFileReference section */

/* Begin PBXFrameworksBuildPhase section */
		0E365862244010C000768256 /* Frameworks */ = {
			isa = PBXFrameworksBuildPhase;
			buildActionMask = 2147483647;
			files = (
				0E36589D2440175000768256 /* SnapKit.framework in Frameworks */,
				0E36589B2440173D00768256 /* RxSwift.framework in Frameworks */,
			);
			runOnlyForDeploymentPostprocessing = 0;
		};
		0E365878244010C000768256 /* Frameworks */ = {
			isa = PBXFrameworksBuildPhase;
			buildActionMask = 2147483647;
			files = (
				0E3658A2244017AA00768256 /* Nimble.framework in Frameworks */,
				0E3658A3244017AA00768256 /* Quick.framework in Frameworks */,
				0E36589F244017AA00768256 /* RxSwift.framework in Frameworks */,
			);
			runOnlyForDeploymentPostprocessing = 0;
		};
		0E365883244010C000768256 /* Frameworks */ = {
			isa = PBXFrameworksBuildPhase;
			buildActionMask = 2147483647;
			files = (
			);
			runOnlyForDeploymentPostprocessing = 0;
		};
/* End PBXFrameworksBuildPhase section */

/* Begin PBXGroup section */
		0E36585C244010C000768256 = {
			isa = PBXGroup;
			children = (
				0E365867244010C000768256 /* MyCountry */,
				0E36587E244010C000768256 /* MyCountryTests */,
				0E365889244010C000768256 /* MyCountryUITests */,
				0E365866244010C000768256 /* Products */,
				0E3658992440173D00768256 /* Frameworks */,
			);
			sourceTree = "<group>";
		};
		0E365866244010C000768256 /* Products */ = {
			isa = PBXGroup;
			children = (
				0E365865244010C000768256 /* MyCountry.app */,
				0E36587B244010C000768256 /* MyCountryTests.xctest */,
				0E365886244010C000768256 /* MyCountryUITests.xctest */,
			);
			name = Products;
			sourceTree = "<group>";
		};
		0E365867244010C000768256 /* MyCountry */ = {
			isa = PBXGroup;
			children = (
				0E3658A724402E3900768256 /* PresentationLayer */,
				0E3658A824402E5600768256 /* DomainLayer */,
				0E3658A924402E6400768256 /* NetworkLayer */,
				0E365876244010C000768256 /* Info.plist */,
			);
			path = MyCountry;
			sourceTree = "<group>";
		};
		0E36587E244010C000768256 /* MyCountryTests */ = {
			isa = PBXGroup;
			children = (
				0E3658E424409E2300768256 /* DomainLayerTests */,
				0E3658C624403F3600768256 /* NetworkLayerTests */,
				0E365881244010C000768256 /* Info.plist */,
			);
			path = MyCountryTests;
			sourceTree = "<group>";
		};
		0E365889244010C000768256 /* MyCountryUITests */ = {
			isa = PBXGroup;
			children = (
				0E36588A244010C000768256 /* MyCountryUITests.swift */,
				0E36588C244010C000768256 /* Info.plist */,
			);
			path = MyCountryUITests;
			sourceTree = "<group>";
		};
		0E3658992440173D00768256 /* Frameworks */ = {
			isa = PBXGroup;
			children = (
				0E3658A0244017AA00768256 /* Nimble.framework */,
				0E3658A1244017AA00768256 /* Quick.framework */,
				0E36589C2440175000768256 /* SnapKit.framework */,
				0E36589A2440173D00768256 /* RxSwift.framework */,
			);
			name = Frameworks;
			sourceTree = "<group>";
		};
		0E3658A724402E3900768256 /* PresentationLayer */ = {
			isa = PBXGroup;
			children = (
				0E365868244010C000768256 /* AppDelegate.swift */,
				0E36586C244010C000768256 /* MyCountryViewController.swift */,
				0E36586E244010C000768256 /* Main.storyboard */,
				0E365871244010C000768256 /* Assets.xcassets */,
				0E365873244010C000768256 /* LaunchScreen.storyboard */,
			);
			path = PresentationLayer;
			sourceTree = "<group>";
		};
		0E3658A824402E5600768256 /* DomainLayer */ = {
			isa = PBXGroup;
			children = (
				0E3658E12440983100768256 /* FactsInteractor.swift */,
			);
			path = DomainLayer;
			sourceTree = "<group>";
		};
		0E3658A924402E6400768256 /* NetworkLayer */ = {
			isa = PBXGroup;
			children = (
				0E3658B42440320500768256 /* EndPointConfiguration.swift */,
				0E3658C524403D2A00768256 /* Services */,
				0E3658BE2440379900768256 /* Core */,
			);
			path = NetworkLayer;
			sourceTree = "<group>";
		};
		0E3658AA24402EB500768256 /* APIClient */ = {
			isa = PBXGroup;
			children = (
				0E3658AD2440306A00768256 /* HTTPClient.swift */,
				0E3658AF2440309100768256 /* ObservableDataSource.swift */,
			);
			path = APIClient;
			sourceTree = "<group>";
		};
		0E3658BD2440376600768256 /* FactsFinding */ = {
			isa = PBXGroup;
			children = (
				0E3658C424403D0400768256 /* Requests */,
				0E3658C12440382800768256 /* Models */,
				0E3658BF2440380900768256 /* FactsFindingService.swift */,
			);
			path = FactsFinding;
			sourceTree = "<group>";
		};
		0E3658BE2440379900768256 /* Core */ = {
			isa = PBXGroup;
			children = (
				0E3658AB24402ECF00768256 /* APIError.swift */,
				0E3658B2244030BB00768256 /* BaseRequest.swift */,
				0E3658AA24402EB500768256 /* APIClient */,
			);
			path = Core;
			sourceTree = "<group>";
		};
		0E3658C12440382800768256 /* Models */ = {
			isa = PBXGroup;
			children = (
				0E3658C22440383D00768256 /* FactsList.swift */,
			);
			path = Models;
			sourceTree = "<group>";
		};
		0E3658C424403D0400768256 /* Requests */ = {
			isa = PBXGroup;
			children = (
				0E3658B82440351000768256 /* FactsFinding+Request.swift */,
			);
			path = Requests;
			sourceTree = "<group>";
		};
		0E3658C524403D2A00768256 /* Services */ = {
			isa = PBXGroup;
			children = (
				0E3658BD2440376600768256 /* FactsFinding */,
			);
			path = Services;
			sourceTree = "<group>";
		};
		0E3658C624403F3600768256 /* NetworkLayerTests */ = {
			isa = PBXGroup;
			children = (
				0E3658D8244065A800768256 /* Core */,
				0E3658CC2440416000768256 /* FactsFinding */,
				0E3658C724403F4900768256 /* Mocks */,
				0E3658D12440527500768256 /* Bundle+JSONForResource.swift */,
				0E3658D5244052EC00768256 /* SupportingFiles */,
			);
			path = NetworkLayerTests;
			sourceTree = "<group>";
		};
		0E3658C724403F4900768256 /* Mocks */ = {
			isa = PBXGroup;
			children = (
				0E3658C824403F6C00768256 /* ObservableDataSource+TestDoubles.swift */,
				0E3658DB2440694100768256 /* MockRequest.swift */,
				0E3658DD244069B400768256 /* MockSession.swift */,
			);
			path = Mocks;
			sourceTree = "<group>";
		};
		0E3658CC2440416000768256 /* FactsFinding */ = {
			isa = PBXGroup;
			children = (
				0E3658CA24403FB500768256 /* FactsFindingRequestSpec.swift */,
				0E3658CD2440417800768256 /* FactsFindingServiceSpec.swift */,
				0E3658CF244051B400768256 /* FactsList+DataMappingSpec.swift */,
			);
			path = FactsFinding;
			sourceTree = "<group>";
		};
		0E3658D5244052EC00768256 /* SupportingFiles */ = {
			isa = PBXGroup;
			children = (
				0E3658D3244052E200768256 /* factsList.json */,
				0E3658D6244053CB00768256 /* factsList_Incorrect_Format.json */,
				0E3658DF2440721300768256 /* testSample.json */,
			);
			path = SupportingFiles;
			sourceTree = "<group>";
		};
		0E3658D8244065A800768256 /* Core */ = {
			isa = PBXGroup;
			children = (
				0E3658D9244065C100768256 /* HTTPClientSpec.swift */,
			);
			path = Core;
			sourceTree = "<group>";
		};
		0E3658E424409E2300768256 /* DomainLayerTests */ = {
			isa = PBXGroup;
			children = (
				0E3658E82440A15E00768256 /* FactsInteractorSpec.swift */,
				0E3658E524409E3100768256 /* Mocks */,
			);
			path = DomainLayerTests;
			sourceTree = "<group>";
		};
		0E3658E524409E3100768256 /* Mocks */ = {
			isa = PBXGroup;
			children = (
				0E3658E624409E5700768256 /* FactsFindingService+TestDoubles.swift */,
			);
			path = Mocks;
			sourceTree = "<group>";
		};
/* End PBXGroup section */

/* Begin PBXNativeTarget section */
		0E365864244010C000768256 /* MyCountry */ = {
			isa = PBXNativeTarget;
			buildConfigurationList = 0E36588F244010C000768256 /* Build configuration list for PBXNativeTarget "MyCountry" */;
			buildPhases = (
				0E3658A4244019BE00768256 /* Swift Lint */,
				0E365861244010C000768256 /* Sources */,
				0E365862244010C000768256 /* Frameworks */,
				0E365863244010C000768256 /* Resources */,
				0E3658982440169C00768256 /* Crathage Copy Frameworks */,
			);
			buildRules = (
			);
			dependencies = (
			);
			name = MyCountry;
			productName = MyCountry;
			productReference = 0E365865244010C000768256 /* MyCountry.app */;
			productType = "com.apple.product-type.application";
		};
		0E36587A244010C000768256 /* MyCountryTests */ = {
			isa = PBXNativeTarget;
			buildConfigurationList = 0E365892244010C000768256 /* Build configuration list for PBXNativeTarget "MyCountryTests" */;
			buildPhases = (
				0E365877244010C000768256 /* Sources */,
				0E365878244010C000768256 /* Frameworks */,
				0E365879244010C000768256 /* Resources */,
				0E36589E2440176600768256 /* ShellScript */,
			);
			buildRules = (
			);
			dependencies = (
				0E36587D244010C000768256 /* PBXTargetDependency */,
			);
			name = MyCountryTests;
			productName = MyCountryTests;
			productReference = 0E36587B244010C000768256 /* MyCountryTests.xctest */;
			productType = "com.apple.product-type.bundle.unit-test";
		};
		0E365885244010C000768256 /* MyCountryUITests */ = {
			isa = PBXNativeTarget;
			buildConfigurationList = 0E365895244010C000768256 /* Build configuration list for PBXNativeTarget "MyCountryUITests" */;
			buildPhases = (
				0E365882244010C000768256 /* Sources */,
				0E365883244010C000768256 /* Frameworks */,
				0E365884244010C000768256 /* Resources */,
			);
			buildRules = (
			);
			dependencies = (
				0E365888244010C000768256 /* PBXTargetDependency */,
			);
			name = MyCountryUITests;
			productName = MyCountryUITests;
			productReference = 0E365886244010C000768256 /* MyCountryUITests.xctest */;
			productType = "com.apple.product-type.bundle.ui-testing";
		};
/* End PBXNativeTarget section */

/* Begin PBXProject section */
		0E36585D244010C000768256 /* Project object */ = {
			isa = PBXProject;
			attributes = {
				LastSwiftUpdateCheck = 1140;
				LastUpgradeCheck = 1140;
				ORGANIZATIONNAME = "Arinjoy Biswas";
				TargetAttributes = {
					0E365864244010C000768256 = {
						CreatedOnToolsVersion = 11.4;
					};
					0E36587A244010C000768256 = {
						CreatedOnToolsVersion = 11.4;
						TestTargetID = 0E365864244010C000768256;
					};
					0E365885244010C000768256 = {
						CreatedOnToolsVersion = 11.4;
						TestTargetID = 0E365864244010C000768256;
					};
				};
			};
			buildConfigurationList = 0E365860244010C000768256 /* Build configuration list for PBXProject "MyCountry" */;
			compatibilityVersion = "Xcode 9.3";
			developmentRegion = en;
			hasScannedForEncodings = 0;
			knownRegions = (
				en,
				Base,
			);
			mainGroup = 0E36585C244010C000768256;
			productRefGroup = 0E365866244010C000768256 /* Products */;
			projectDirPath = "";
			projectRoot = "";
			targets = (
				0E365864244010C000768256 /* MyCountry */,
				0E36587A244010C000768256 /* MyCountryTests */,
				0E365885244010C000768256 /* MyCountryUITests */,
			);
		};
/* End PBXProject section */

/* Begin PBXResourcesBuildPhase section */
		0E365863244010C000768256 /* Resources */ = {
			isa = PBXResourcesBuildPhase;
			buildActionMask = 2147483647;
			files = (
				0E365875244010C000768256 /* LaunchScreen.storyboard in Resources */,
				0E365872244010C000768256 /* Assets.xcassets in Resources */,
				0E365870244010C000768256 /* Main.storyboard in Resources */,
			);
			runOnlyForDeploymentPostprocessing = 0;
		};
		0E365879244010C000768256 /* Resources */ = {
			isa = PBXResourcesBuildPhase;
			buildActionMask = 2147483647;
			files = (
				0E3658D7244053CB00768256 /* factsList_Incorrect_Format.json in Resources */,
				0E3658E02440721300768256 /* testSample.json in Resources */,
				0E3658D4244052E200768256 /* factsList.json in Resources */,
			);
			runOnlyForDeploymentPostprocessing = 0;
		};
		0E365884244010C000768256 /* Resources */ = {
			isa = PBXResourcesBuildPhase;
			buildActionMask = 2147483647;
			files = (
			);
			runOnlyForDeploymentPostprocessing = 0;
		};
/* End PBXResourcesBuildPhase section */

/* Begin PBXShellScriptBuildPhase section */
		0E3658982440169C00768256 /* Crathage Copy Frameworks */ = {
			isa = PBXShellScriptBuildPhase;
			buildActionMask = 2147483647;
			files = (
			);
			inputFileListPaths = (
			);
			inputPaths = (
				"$(SRCROOT)/Carthage/Build/iOS/SnapKit.framework",
				"$(SRCROOT)/Carthage/Build/iOS/RxSwift.framework",
			);
			name = "Crathage Copy Frameworks";
			outputFileListPaths = (
			);
			outputPaths = (
			);
			runOnlyForDeploymentPostprocessing = 0;
			shellPath = /bin/sh;
			shellScript = "/usr/local/bin/carthage copy-frameworks\n";
		};
		0E36589E2440176600768256 /* ShellScript */ = {
			isa = PBXShellScriptBuildPhase;
			buildActionMask = 2147483647;
			files = (
			);
			inputFileListPaths = (
			);
			inputPaths = (
				"$(SRCROOT)/Carthage/Build/iOS/RxSwift.framework",
				"$(SRCROOT)/Carthage/Build/iOS/Quick.framework",
				"$(SRCROOT)/Carthage/Build/iOS/Nimble.framework",
			);
			outputFileListPaths = (
			);
			outputPaths = (
			);
			runOnlyForDeploymentPostprocessing = 0;
			shellPath = /bin/sh;
			shellScript = "/usr/local/bin/carthage copy-frameworks\n";
		};
		0E3658A4244019BE00768256 /* Swift Lint */ = {
			isa = PBXShellScriptBuildPhase;
			buildActionMask = 2147483647;
			files = (
			);
			inputFileListPaths = (
			);
			inputPaths = (
			);
			name = "Swift Lint";
			outputFileListPaths = (
			);
			outputPaths = (
			);
			runOnlyForDeploymentPostprocessing = 0;
			shellPath = /bin/sh;
			shellScript = "if which swiftlint >/dev/null; then\n  swiftlint --config \"${PROJECT_DIR}/MyCountry/.swiftlint.yml\" --path \"${PROJECT_DIR}/MyCountry\"\n  swiftlint --config \"${PROJECT_DIR}/MyCountryTests/.swiftlint.yml\" --path \"${PROJECT_DIR}/MyCountryTests\"\nelse\n  echo \"warning: SwiftLint not installed, download from https://github.com/realm/SwiftLint\"\nfi\n";
			showEnvVarsInLog = 0;
		};
/* End PBXShellScriptBuildPhase section */

/* Begin PBXSourcesBuildPhase section */
		0E365861244010C000768256 /* Sources */ = {
			isa = PBXSourcesBuildPhase;
			buildActionMask = 2147483647;
			files = (
				0E36586D244010C000768256 /* MyCountryViewController.swift in Sources */,
				0E365869244010C000768256 /* AppDelegate.swift in Sources */,
				0E3658B3244030BB00768256 /* BaseRequest.swift in Sources */,
				0E3658B02440309100768256 /* ObservableDataSource.swift in Sources */,
				0E3658C02440380900768256 /* FactsFindingService.swift in Sources */,
				0E3658B92440351000768256 /* FactsFinding+Request.swift in Sources */,
				0E3658E22440983100768256 /* FactsInteractor.swift in Sources */,
				0E3658AE2440306A00768256 /* HTTPClient.swift in Sources */,
				0E3658AC24402ECF00768256 /* APIError.swift in Sources */,
				0E3658C32440383D00768256 /* FactsList.swift in Sources */,
				0E3658B52440320500768256 /* EndPointConfiguration.swift in Sources */,
			);
			runOnlyForDeploymentPostprocessing = 0;
		};
		0E365877244010C000768256 /* Sources */ = {
			isa = PBXSourcesBuildPhase;
			buildActionMask = 2147483647;
			files = (
				0E3658C924403F6C00768256 /* ObservableDataSource+TestDoubles.swift in Sources */,
				0E3658E92440A15E00768256 /* FactsInteractorSpec.swift in Sources */,
				0E3658DC2440694100768256 /* MockRequest.swift in Sources */,
				0E3658E724409E5700768256 /* FactsFindingService+TestDoubles.swift in Sources */,
				0E3658DE244069B400768256 /* MockSession.swift in Sources */,
				0E3658CB24403FB500768256 /* FactsFindingRequestSpec.swift in Sources */,
				0E3658CE2440417800768256 /* FactsFindingServiceSpec.swift in Sources */,
				0E3658D22440527500768256 /* Bundle+JSONForResource.swift in Sources */,
				0E3658D0244051B400768256 /* FactsList+DataMappingSpec.swift in Sources */,
				0E3658DA244065C100768256 /* HTTPClientSpec.swift in Sources */,
			);
			runOnlyForDeploymentPostprocessing = 0;
		};
		0E365882244010C000768256 /* Sources */ = {
			isa = PBXSourcesBuildPhase;
			buildActionMask = 2147483647;
			files = (
				0E36588B244010C000768256 /* MyCountryUITests.swift in Sources */,
			);
			runOnlyForDeploymentPostprocessing = 0;
		};
/* End PBXSourcesBuildPhase section */

/* Begin PBXTargetDependency section */
		0E36587D244010C000768256 /* PBXTargetDependency */ = {
			isa = PBXTargetDependency;
			target = 0E365864244010C000768256 /* MyCountry */;
			targetProxy = 0E36587C244010C000768256 /* PBXContainerItemProxy */;
		};
		0E365888244010C000768256 /* PBXTargetDependency */ = {
			isa = PBXTargetDependency;
			target = 0E365864244010C000768256 /* MyCountry */;
			targetProxy = 0E365887244010C000768256 /* PBXContainerItemProxy */;
		};
/* End PBXTargetDependency section */

/* Begin PBXVariantGroup section */
		0E36586E244010C000768256 /* Main.storyboard */ = {
			isa = PBXVariantGroup;
			children = (
				0E36586F244010C000768256 /* Base */,
			);
			name = Main.storyboard;
			sourceTree = "<group>";
		};
		0E365873244010C000768256 /* LaunchScreen.storyboard */ = {
			isa = PBXVariantGroup;
			children = (
				0E365874244010C000768256 /* Base */,
			);
			name = LaunchScreen.storyboard;
			sourceTree = "<group>";
		};
/* End PBXVariantGroup section */

/* Begin XCBuildConfiguration section */
		0E36588D244010C000768256 /* Debug */ = {
			isa = XCBuildConfiguration;
			buildSettings = {
				ALWAYS_SEARCH_USER_PATHS = NO;
				CLANG_ANALYZER_NONNULL = YES;
				CLANG_ANALYZER_NUMBER_OBJECT_CONVERSION = YES_AGGRESSIVE;
				CLANG_CXX_LANGUAGE_STANDARD = "gnu++14";
				CLANG_CXX_LIBRARY = "libc++";
				CLANG_ENABLE_MODULES = YES;
				CLANG_ENABLE_OBJC_ARC = YES;
				CLANG_ENABLE_OBJC_WEAK = YES;
				CLANG_WARN_BLOCK_CAPTURE_AUTORELEASING = YES;
				CLANG_WARN_BOOL_CONVERSION = YES;
				CLANG_WARN_COMMA = YES;
				CLANG_WARN_CONSTANT_CONVERSION = YES;
				CLANG_WARN_DEPRECATED_OBJC_IMPLEMENTATIONS = YES;
				CLANG_WARN_DIRECT_OBJC_ISA_USAGE = YES_ERROR;
				CLANG_WARN_DOCUMENTATION_COMMENTS = YES;
				CLANG_WARN_EMPTY_BODY = YES;
				CLANG_WARN_ENUM_CONVERSION = YES;
				CLANG_WARN_INFINITE_RECURSION = YES;
				CLANG_WARN_INT_CONVERSION = YES;
				CLANG_WARN_NON_LITERAL_NULL_CONVERSION = YES;
				CLANG_WARN_OBJC_IMPLICIT_RETAIN_SELF = YES;
				CLANG_WARN_OBJC_LITERAL_CONVERSION = YES;
				CLANG_WARN_OBJC_ROOT_CLASS = YES_ERROR;
				CLANG_WARN_RANGE_LOOP_ANALYSIS = YES;
				CLANG_WARN_STRICT_PROTOTYPES = YES;
				CLANG_WARN_SUSPICIOUS_MOVE = YES;
				CLANG_WARN_UNGUARDED_AVAILABILITY = YES_AGGRESSIVE;
				CLANG_WARN_UNREACHABLE_CODE = YES;
				CLANG_WARN__DUPLICATE_METHOD_MATCH = YES;
				COPY_PHASE_STRIP = NO;
				DEBUG_INFORMATION_FORMAT = dwarf;
				ENABLE_STRICT_OBJC_MSGSEND = YES;
				ENABLE_TESTABILITY = YES;
				GCC_C_LANGUAGE_STANDARD = gnu11;
				GCC_DYNAMIC_NO_PIC = NO;
				GCC_NO_COMMON_BLOCKS = YES;
				GCC_OPTIMIZATION_LEVEL = 0;
				GCC_PREPROCESSOR_DEFINITIONS = (
					"DEBUG=1",
					"$(inherited)",
				);
				GCC_WARN_64_TO_32_BIT_CONVERSION = YES;
				GCC_WARN_ABOUT_RETURN_TYPE = YES_ERROR;
				GCC_WARN_UNDECLARED_SELECTOR = YES;
				GCC_WARN_UNINITIALIZED_AUTOS = YES_AGGRESSIVE;
				GCC_WARN_UNUSED_FUNCTION = YES;
				GCC_WARN_UNUSED_VARIABLE = YES;
				IPHONEOS_DEPLOYMENT_TARGET = 11.0;
				MTL_ENABLE_DEBUG_INFO = INCLUDE_SOURCE;
				MTL_FAST_MATH = YES;
				ONLY_ACTIVE_ARCH = YES;
				SDKROOT = iphoneos;
				SWIFT_ACTIVE_COMPILATION_CONDITIONS = DEBUG;
				SWIFT_OPTIMIZATION_LEVEL = "-Onone";
			};
			name = Debug;
		};
		0E36588E244010C000768256 /* Release */ = {
			isa = XCBuildConfiguration;
			buildSettings = {
				ALWAYS_SEARCH_USER_PATHS = NO;
				CLANG_ANALYZER_NONNULL = YES;
				CLANG_ANALYZER_NUMBER_OBJECT_CONVERSION = YES_AGGRESSIVE;
				CLANG_CXX_LANGUAGE_STANDARD = "gnu++14";
				CLANG_CXX_LIBRARY = "libc++";
				CLANG_ENABLE_MODULES = YES;
				CLANG_ENABLE_OBJC_ARC = YES;
				CLANG_ENABLE_OBJC_WEAK = YES;
				CLANG_WARN_BLOCK_CAPTURE_AUTORELEASING = YES;
				CLANG_WARN_BOOL_CONVERSION = YES;
				CLANG_WARN_COMMA = YES;
				CLANG_WARN_CONSTANT_CONVERSION = YES;
				CLANG_WARN_DEPRECATED_OBJC_IMPLEMENTATIONS = YES;
				CLANG_WARN_DIRECT_OBJC_ISA_USAGE = YES_ERROR;
				CLANG_WARN_DOCUMENTATION_COMMENTS = YES;
				CLANG_WARN_EMPTY_BODY = YES;
				CLANG_WARN_ENUM_CONVERSION = YES;
				CLANG_WARN_INFINITE_RECURSION = YES;
				CLANG_WARN_INT_CONVERSION = YES;
				CLANG_WARN_NON_LITERAL_NULL_CONVERSION = YES;
				CLANG_WARN_OBJC_IMPLICIT_RETAIN_SELF = YES;
				CLANG_WARN_OBJC_LITERAL_CONVERSION = YES;
				CLANG_WARN_OBJC_ROOT_CLASS = YES_ERROR;
				CLANG_WARN_RANGE_LOOP_ANALYSIS = YES;
				CLANG_WARN_STRICT_PROTOTYPES = YES;
				CLANG_WARN_SUSPICIOUS_MOVE = YES;
				CLANG_WARN_UNGUARDED_AVAILABILITY = YES_AGGRESSIVE;
				CLANG_WARN_UNREACHABLE_CODE = YES;
				CLANG_WARN__DUPLICATE_METHOD_MATCH = YES;
				COPY_PHASE_STRIP = NO;
				DEBUG_INFORMATION_FORMAT = "dwarf-with-dsym";
				ENABLE_NS_ASSERTIONS = NO;
				ENABLE_STRICT_OBJC_MSGSEND = YES;
				GCC_C_LANGUAGE_STANDARD = gnu11;
				GCC_NO_COMMON_BLOCKS = YES;
				GCC_WARN_64_TO_32_BIT_CONVERSION = YES;
				GCC_WARN_ABOUT_RETURN_TYPE = YES_ERROR;
				GCC_WARN_UNDECLARED_SELECTOR = YES;
				GCC_WARN_UNINITIALIZED_AUTOS = YES_AGGRESSIVE;
				GCC_WARN_UNUSED_FUNCTION = YES;
				GCC_WARN_UNUSED_VARIABLE = YES;
				IPHONEOS_DEPLOYMENT_TARGET = 11.0;
				MTL_ENABLE_DEBUG_INFO = NO;
				MTL_FAST_MATH = YES;
				SDKROOT = iphoneos;
				SWIFT_COMPILATION_MODE = wholemodule;
				SWIFT_OPTIMIZATION_LEVEL = "-O";
				VALIDATE_PRODUCT = YES;
			};
			name = Release;
		};
		0E365890244010C000768256 /* Debug */ = {
			isa = XCBuildConfiguration;
			buildSettings = {
				ASSETCATALOG_COMPILER_APPICON_NAME = AppIcon;
				CODE_SIGN_STYLE = Automatic;
				DEVELOPMENT_TEAM = 9D2CDZVV47;
				FRAMEWORK_SEARCH_PATHS = (
					"$(inherited)",
					"$(PROJECT_DIR)/Carthage/Build/iOS",
				);
				INFOPLIST_FILE = MyCountry/Info.plist;
				LD_RUNPATH_SEARCH_PATHS = (
					"$(inherited)",
					"@executable_path/Frameworks",
				);
				PRODUCT_BUNDLE_IDENTIFIER = com.app.arinappy.MyCountry;
				PRODUCT_NAME = "$(TARGET_NAME)";
				SWIFT_VERSION = 5.0;
				TARGETED_DEVICE_FAMILY = "1,2";
			};
			name = Debug;
		};
		0E365891244010C000768256 /* Release */ = {
			isa = XCBuildConfiguration;
			buildSettings = {
				ASSETCATALOG_COMPILER_APPICON_NAME = AppIcon;
				CODE_SIGN_STYLE = Automatic;
				DEVELOPMENT_TEAM = 9D2CDZVV47;
				FRAMEWORK_SEARCH_PATHS = (
					"$(inherited)",
					"$(PROJECT_DIR)/Carthage/Build/iOS",
				);
				INFOPLIST_FILE = MyCountry/Info.plist;
				LD_RUNPATH_SEARCH_PATHS = (
					"$(inherited)",
					"@executable_path/Frameworks",
				);
				PRODUCT_BUNDLE_IDENTIFIER = com.app.arinappy.MyCountry;
				PRODUCT_NAME = "$(TARGET_NAME)";
				SWIFT_VERSION = 5.0;
				TARGETED_DEVICE_FAMILY = "1,2";
			};
			name = Release;
		};
		0E365893244010C000768256 /* Debug */ = {
			isa = XCBuildConfiguration;
			buildSettings = {
				ALWAYS_EMBED_SWIFT_STANDARD_LIBRARIES = YES;
				BUNDLE_LOADER = "$(TEST_HOST)";
				CODE_SIGN_STYLE = Automatic;
				DEVELOPMENT_TEAM = 9D2CDZVV47;
				FRAMEWORK_SEARCH_PATHS = (
					"$(inherited)",
					"$(PROJECT_DIR)/Carthage/Build/iOS",
				);
				INFOPLIST_FILE = MyCountryTests/Info.plist;
				IPHONEOS_DEPLOYMENT_TARGET = 13.4;
				LD_RUNPATH_SEARCH_PATHS = (
					"$(inherited)",
					"@executable_path/Frameworks",
					"@loader_path/Frameworks",
				);
				PRODUCT_BUNDLE_IDENTIFIER = com.app.arinappy.MyCountryTests;
				PRODUCT_NAME = "$(TARGET_NAME)";
				SWIFT_VERSION = 5.0;
				TARGETED_DEVICE_FAMILY = "1,2";
				TEST_HOST = "$(BUILT_PRODUCTS_DIR)/MyCountry.app/MyCountry";
			};
			name = Debug;
		};
		0E365894244010C000768256 /* Release */ = {
			isa = XCBuildConfiguration;
			buildSettings = {
				ALWAYS_EMBED_SWIFT_STANDARD_LIBRARIES = YES;
				BUNDLE_LOADER = "$(TEST_HOST)";
				CODE_SIGN_STYLE = Automatic;
				DEVELOPMENT_TEAM = 9D2CDZVV47;
				FRAMEWORK_SEARCH_PATHS = (
					"$(inherited)",
					"$(PROJECT_DIR)/Carthage/Build/iOS",
				);
				INFOPLIST_FILE = MyCountryTests/Info.plist;
				IPHONEOS_DEPLOYMENT_TARGET = 13.4;
				LD_RUNPATH_SEARCH_PATHS = (
					"$(inherited)",
					"@executable_path/Frameworks",
					"@loader_path/Frameworks",
				);
				PRODUCT_BUNDLE_IDENTIFIER = com.app.arinappy.MyCountryTests;
				PRODUCT_NAME = "$(TARGET_NAME)";
				SWIFT_VERSION = 5.0;
				TARGETED_DEVICE_FAMILY = "1,2";
				TEST_HOST = "$(BUILT_PRODUCTS_DIR)/MyCountry.app/MyCountry";
			};
			name = Release;
		};
		0E365896244010C000768256 /* Debug */ = {
			isa = XCBuildConfiguration;
			buildSettings = {
				ALWAYS_EMBED_SWIFT_STANDARD_LIBRARIES = YES;
				CODE_SIGN_STYLE = Automatic;
				DEVELOPMENT_TEAM = 9D2CDZVV47;
				INFOPLIST_FILE = MyCountryUITests/Info.plist;
				LD_RUNPATH_SEARCH_PATHS = (
					"$(inherited)",
					"@executable_path/Frameworks",
					"@loader_path/Frameworks",
				);
				PRODUCT_BUNDLE_IDENTIFIER = com.app.arinappy.MyCountryUITests;
				PRODUCT_NAME = "$(TARGET_NAME)";
				SWIFT_VERSION = 5.0;
				TARGETED_DEVICE_FAMILY = "1,2";
				TEST_TARGET_NAME = MyCountry;
			};
			name = Debug;
		};
		0E365897244010C000768256 /* Release */ = {
			isa = XCBuildConfiguration;
			buildSettings = {
				ALWAYS_EMBED_SWIFT_STANDARD_LIBRARIES = YES;
				CODE_SIGN_STYLE = Automatic;
				DEVELOPMENT_TEAM = 9D2CDZVV47;
				INFOPLIST_FILE = MyCountryUITests/Info.plist;
				LD_RUNPATH_SEARCH_PATHS = (
					"$(inherited)",
					"@executable_path/Frameworks",
					"@loader_path/Frameworks",
				);
				PRODUCT_BUNDLE_IDENTIFIER = com.app.arinappy.MyCountryUITests;
				PRODUCT_NAME = "$(TARGET_NAME)";
				SWIFT_VERSION = 5.0;
				TARGETED_DEVICE_FAMILY = "1,2";
				TEST_TARGET_NAME = MyCountry;
			};
			name = Release;
		};
/* End XCBuildConfiguration section */

/* Begin XCConfigurationList section */
		0E365860244010C000768256 /* Build configuration list for PBXProject "MyCountry" */ = {
			isa = XCConfigurationList;
			buildConfigurations = (
				0E36588D244010C000768256 /* Debug */,
				0E36588E244010C000768256 /* Release */,
			);
			defaultConfigurationIsVisible = 0;
			defaultConfigurationName = Release;
		};
		0E36588F244010C000768256 /* Build configuration list for PBXNativeTarget "MyCountry" */ = {
			isa = XCConfigurationList;
			buildConfigurations = (
				0E365890244010C000768256 /* Debug */,
				0E365891244010C000768256 /* Release */,
			);
			defaultConfigurationIsVisible = 0;
			defaultConfigurationName = Release;
		};
		0E365892244010C000768256 /* Build configuration list for PBXNativeTarget "MyCountryTests" */ = {
			isa = XCConfigurationList;
			buildConfigurations = (
				0E365893244010C000768256 /* Debug */,
				0E365894244010C000768256 /* Release */,
			);
			defaultConfigurationIsVisible = 0;
			defaultConfigurationName = Release;
		};
		0E365895244010C000768256 /* Build configuration list for PBXNativeTarget "MyCountryUITests" */ = {
			isa = XCConfigurationList;
			buildConfigurations = (
				0E365896244010C000768256 /* Debug */,
				0E365897244010C000768256 /* Release */,
			);
			defaultConfigurationIsVisible = 0;
			defaultConfigurationName = Release;
		};
/* End XCConfigurationList section */
	};
	rootObject = 0E36585D244010C000768256 /* Project object */;
}
